// !$*UTF8*$!
{
	archiveVersion = 1;
	classes = {
	};
	objectVersion = 46;
	objects = {

/* Begin PBXBuildFile section */
		258548F41DEBB4CB00451829 /* AppDelegate.swift in Sources */ = {isa = PBXBuildFile; fileRef = 258548F31DEBB4CB00451829 /* AppDelegate.swift */; };
		258548F61DEBB4CB00451829 /* ViewController.swift in Sources */ = {isa = PBXBuildFile; fileRef = 258548F51DEBB4CB00451829 /* ViewController.swift */; };
		258548F91DEBB4CB00451829 /* Main.storyboard in Resources */ = {isa = PBXBuildFile; fileRef = 258548F71DEBB4CB00451829 /* Main.storyboard */; };
		258548FB1DEBB4CB00451829 /* Assets.xcassets in Resources */ = {isa = PBXBuildFile; fileRef = 258548FA1DEBB4CB00451829 /* Assets.xcassets */; };
		258548FE1DEBB4CB00451829 /* LaunchScreen.storyboard in Resources */ = {isa = PBXBuildFile; fileRef = 258548FC1DEBB4CB00451829 /* LaunchScreen.storyboard */; };
		258549061DEBB5B400451829 /* popupView.xib in Resources */ = {isa = PBXBuildFile; fileRef = 258549051DEBB5B400451829 /* popupView.xib */; };
		258549081DEBB5D400451829 /* popupViewController.swift in Sources */ = {isa = PBXBuildFile; fileRef = 258549071DEBB5D400451829 /* popupViewController.swift */; };
		2585490C1DEBC5DE00451829 /* popupViewAnimationController.swift in Sources */ = {isa = PBXBuildFile; fileRef = 2585490B1DEBC5DE00451829 /* popupViewAnimationController.swift */; };
		2585490E1DEBDA5C00451829 /* popupViewPresentationController.swift in Sources */ = {isa = PBXBuildFile; fileRef = 2585490D1DEBDA5C00451829 /* popupViewPresentationController.swift */; };
/* End PBXBuildFile section */

/* Begin PBXFileReference section */
		258548F01DEBB4CB00451829 /* popupPresentedViewController.app */ = {isa = PBXFileReference; explicitFileType = wrapper.application; includeInIndex = 0; path = popupPresentedViewController.app; sourceTree = BUILT_PRODUCTS_DIR; };
		258548F31DEBB4CB00451829 /* AppDelegate.swift */ = {isa = PBXFileReference; lastKnownFileType = sourcecode.swift; path = AppDelegate.swift; sourceTree = "<group>"; };
		258548F51DEBB4CB00451829 /* ViewController.swift */ = {isa = PBXFileReference; lastKnownFileType = sourcecode.swift; path = ViewController.swift; sourceTree = "<group>"; };
		258548F81DEBB4CB00451829 /* Base */ = {isa = PBXFileReference; lastKnownFileType = file.storyboard; name = Base; path = Base.lproj/Main.storyboard; sourceTree = "<group>"; };
		258548FA1DEBB4CB00451829 /* Assets.xcassets */ = {isa = PBXFileReference; lastKnownFileType = folder.assetcatalog; path = Assets.xcassets; sourceTree = "<group>"; };
		258548FD1DEBB4CB00451829 /* Base */ = {isa = PBXFileReference; lastKnownFileType = file.storyboard; name = Base; path = Base.lproj/LaunchScreen.storyboard; sourceTree = "<group>"; };
		258548FF1DEBB4CB00451829 /* Info.plist */ = {isa = PBXFileReference; lastKnownFileType = text.plist.xml; path = Info.plist; sourceTree = "<group>"; };
		258549051DEBB5B400451829 /* popupView.xib */ = {isa = PBXFileReference; fileEncoding = 4; lastKnownFileType = file.xib; path = popupView.xib; sourceTree = "<group>"; };
		258549071DEBB5D400451829 /* popupViewController.swift */ = {isa = PBXFileReference; fileEncoding = 4; lastKnownFileType = sourcecode.swift; path = popupViewController.swift; sourceTree = "<group>"; };
		2585490B1DEBC5DE00451829 /* popupViewAnimationController.swift */ = {isa = PBXFileReference; fileEncoding = 4; lastKnownFileType = sourcecode.swift; path = popupViewAnimationController.swift; sourceTree = "<group>"; };
		2585490D1DEBDA5C00451829 /* popupViewPresentationController.swift */ = {isa = PBXFileReference; fileEncoding = 4; lastKnownFileType = sourcecode.swift; path = popupViewPresentationController.swift; sourceTree = "<group>"; };
/* End PBXFileReference section */

/* Begin PBXFrameworksBuildPhase section */
		258548ED1DEBB4CB00451829 /* Frameworks */ = {
			isa = PBXFrameworksBuildPhase;
			buildActionMask = 2147483647;
			files = (
			);
			runOnlyForDeploymentPostprocessing = 0;
		};
/* End PBXFrameworksBuildPhase section */

/* Begin PBXGroup section */
		258548E71DEBB4CB00451829 = {
			isa = PBXGroup;
			children = (
				258548F21DEBB4CB00451829 /* popupPresentedViewController */,
				258548F11DEBB4CB00451829 /* Products */,
			);
			sourceTree = "<group>";
		};
		258548F11DEBB4CB00451829 /* Products */ = {
			isa = PBXGroup;
			children = (
				258548F01DEBB4CB00451829 /* popupPresentedViewController.app */,
			);
			name = Products;
			sourceTree = "<group>";
		};
		258548F21DEBB4CB00451829 /* popupPresentedViewController */ = {
			isa = PBXGroup;
			children = (
				258548F31DEBB4CB00451829 /* AppDelegate.swift */,
				258548F51DEBB4CB00451829 /* ViewController.swift */,
				258549051DEBB5B400451829 /* popupView.xib */,
				258549071DEBB5D400451829 /* popupViewController.swift */,
				2585490B1DEBC5DE00451829 /* popupViewAnimationController.swift */,
				2585490D1DEBDA5C00451829 /* popupViewPresentationController.swift */,
				258548F71DEBB4CB00451829 /* Main.storyboard */,
				258548FA1DEBB4CB00451829 /* Assets.xcassets */,
				258548FC1DEBB4CB00451829 /* LaunchScreen.storyboard */,
				258548FF1DEBB4CB00451829 /* Info.plist */,
			);
			path = popupPresentedViewController;
			sourceTree = "<group>";
		};
/* End PBXGroup section */

/* Begin PBXNativeTarget section */
		258548EF1DEBB4CB00451829 /* popupPresentedViewController */ = {
			isa = PBXNativeTarget;
			buildConfigurationList = 258549021DEBB4CB00451829 /* Build configuration list for PBXNativeTarget "popupPresentedViewController" */;
			buildPhases = (
				258548EC1DEBB4CB00451829 /* Sources */,
				258548ED1DEBB4CB00451829 /* Frameworks */,
				258548EE1DEBB4CB00451829 /* Resources */,
			);
			buildRules = (
			);
			dependencies = (
			);
			name = popupPresentedViewController;
			productName = popupPresentedViewController;
			productReference = 258548F01DEBB4CB00451829 /* popupPresentedViewController.app */;
			productType = "com.apple.product-type.application";
		};
/* End PBXNativeTarget section */

/* Begin PBXProject section */
		258548E81DEBB4CB00451829 /* Project object */ = {
			isa = PBXProject;
			attributes = {
				LastSwiftUpdateCheck = 0800;
				LastUpgradeCheck = 0800;
				ORGANIZATIONNAME = ObjV;
				TargetAttributes = {
					258548EF1DEBB4CB00451829 = {
						CreatedOnToolsVersion = 8.0;
						DevelopmentTeam = 5X97427M43;
						ProvisioningStyle = Automatic;
					};
				};
			};
			buildConfigurationList = 258548EB1DEBB4CB00451829 /* Build configuration list for PBXProject "popupPresentedViewController" */;
			compatibilityVersion = "Xcode 3.2";
			developmentRegion = English;
			hasScannedForEncodings = 0;
			knownRegions = (
				en,
				Base,
			);
			mainGroup = 258548E71DEBB4CB00451829;
			productRefGroup = 258548F11DEBB4CB00451829 /* Products */;
			projectDirPath = "";
			projectRoot = "";
			targets = (
				258548EF1DEBB4CB00451829 /* popupPresentedViewController */,
			);
		};
/* End PBXProject section */

/* Begin PBXResourcesBuildPhase section */
		258548EE1DEBB4CB00451829 /* Resources */ = {
			isa = PBXResourcesBuildPhase;
			buildActionMask = 2147483647;
			files = (
				258548FE1DEBB4CB00451829 /* LaunchScreen.storyboard in Resources */,
				258549061DEBB5B400451829 /* popupView.xib in Resources */,
				258548FB1DEBB4CB00451829 /* Assets.xcassets in Resources */,
				258548F91DEBB4CB00451829 /* Main.storyboard in Resources */,
			);
			runOnlyForDeploymentPostprocessing = 0;
		};
/* End PBXResourcesBuildPhase section */

/* Begin PBXSourcesBuildPhase section */
		258548EC1DEBB4CB00451829 /* Sources */ = {
			isa = PBXSourcesBuildPhase;
			buildActionMask = 2147483647;
			files = (
				2585490C1DEBC5DE00451829 /* popupViewAnimationController.swift in Sources */,
				258548F61DEBB4CB00451829 /* ViewController.swift in Sources */,
				258549081DEBB5D400451829 /* popupViewController.swift in Sources */,
				2585490E1DEBDA5C00451829 /* popupViewPresentationController.swift in Sources */,
				258548F41DEBB4CB00451829 /* AppDelegate.swift in Sources */,
			);
			runOnlyForDeploymentPostprocessing = 0;
		};
/* End PBXSourcesBuildPhase section */

/* Begin PBXVariantGroup section */
		258548F71DEBB4CB00451829 /* Main.storyboard */ = {
			isa = PBXVariantGroup;
			children = (
				258548F81DEBB4CB00451829 /* Base */,
			);
			name = Main.storyboard;
			sourceTree = "<group>";
		};
		258548FC1DEBB4CB00451829 /* LaunchScreen.storyboard */ = {
			isa = PBXVariantGroup;
			children = (
				258548FD1DEBB4CB00451829 /* Base */,
			);
			name = LaunchScreen.storyboard;
			sourceTree = "<group>";
		};
/* End PBXVariantGroup section */

/* Begin XCBuildConfiguration section */
		258549001DEBB4CB00451829 /* Debug */ = {
			isa = XCBuildConfiguration;
			buildSettings = {
				ALWAYS_SEARCH_USER_PATHS = NO;
				CLANG_ANALYZER_NONNULL = YES;
				CLANG_CXX_LANGUAGE_STANDARD = "gnu++0x";
				CLANG_CXX_LIBRARY = "libc++";
				CLANG_ENABLE_MODULES = YES;
				CLANG_ENABLE_OBJC_ARC = YES;
				CLANG_WARN_BOOL_CONVERSION = YES;
				CLANG_WARN_CONSTANT_CONVERSION = YES;
				CLANG_WARN_DIRECT_OBJC_ISA_USAGE = YES_ERROR;
				CLANG_WARN_DOCUMENTATION_COMMENTS = YES;
				CLANG_WARN_EMPTY_BODY = YES;
				CLANG_WARN_ENUM_CONVERSION = YES;
				CLANG_WARN_INFINITE_RECURSION = YES;
				CLANG_WARN_INT_CONVERSION = YES;
				CLANG_WARN_OBJC_ROOT_CLASS = YES_ERROR;
				CLANG_WARN_SUSPICIOUS_MOVES = YES;
				CLANG_WARN_UNREACHABLE_CODE = YES;
				CLANG_WARN__DUPLICATE_METHOD_MATCH = YES;
				"CODE_SIGN_IDENTITY[sdk=iphoneos*]" = "iPhone Developer";
				COPY_PHASE_STRIP = NO;
				DEBUG_INFORMATION_FORMAT = dwarf;
				ENABLE_STRICT_OBJC_MSGSEND = YES;
				ENABLE_TESTABILITY = YES;
				GCC_C_LANGUAGE_STANDARD = gnu99;
				GCC_DYNAMIC_NO_PIC = NO;
				GCC_NO_COMMON_BLOCKS = YES;
				GCC_OPTIMIZATION_LEVEL = 0;
				GCC_PREPROCESSOR_DEFINITIONS = (
					"DEBUG=1",
					"$(inherited)",
				);
				GCC_WARN_64_TO_32_BIT_CONVERSION = YES;
				GCC_WARN_ABOUT_RETURN_TYPE = YES_ERROR;
				GCC_WARN_UNDECLARED_SELECTOR = YES;
				GCC_WARN_UNINITIALIZED_AUTOS = YES_AGGRESSIVE;
				GCC_WARN_UNUSED_FUNCTION = YES;
				GCC_WARN_UNUSED_VARIABLE = YES;
				IPHONEOS_DEPLOYMENT_TARGET = 10.0;
				MTL_ENABLE_DEBUG_INFO = YES;
				ONLY_ACTIVE_ARCH = YES;
				SDKROOT = iphoneos;
				SWIFT_ACTIVE_COMPILATION_CONDITIONS = DEBUG;
				SWIFT_OPTIMIZATION_LEVEL = "-Onone";
				TARGETED_DEVICE_FAMILY = "1,2";
			};
			name = Debug;
		};
		258549011DEBB4CB00451829 /* Release */ = {
			isa = XCBuildConfiguration;
			buildSettings = {
				ALWAYS_SEARCH_USER_PATHS = NO;
				CLANG_ANALYZER_NONNULL = YES;
				CLANG_CXX_LANGUAGE_STANDARD = "gnu++0x";
				CLANG_CXX_LIBRARY = "libc++";
				CLANG_ENABLE_MODULES = YES;
				CLANG_ENABLE_OBJC_ARC = YES;
				CLANG_WARN_BOOL_CONVERSION = YES;
				CLANG_WARN_CONSTANT_CONVERSION = YES;
				CLANG_WARN_DIRECT_OBJC_ISA_USAGE = YES_ERROR;
				CLANG_WARN_DOCUMENTATION_COMMENTS = YES;
				CLANG_WARN_EMPTY_BODY = YES;
				CLANG_WARN_ENUM_CONVERSION = YES;
				CLANG_WARN_INFINITE_RECURSION = YES;
				CLANG_WARN_INT_CONVERSION = YES;
				CLANG_WARN_OBJC_ROOT_CLASS = YES_ERROR;
				CLANG_WARN_SUSPICIOUS_MOVES = YES;
				CLANG_WARN_UNREACHABLE_CODE = YES;
				CLANG_WARN__DUPLICATE_METHOD_MATCH = YES;
				"CODE_SIGN_IDENTITY[sdk=iphoneos*]" = "iPhone Developer";
				COPY_PHASE_STRIP = NO;
				DEBUG_INFORMATION_FORMAT = "dwarf-with-dsym";
				ENABLE_NS_ASSERTIONS = NO;
				ENABLE_STRICT_OBJC_MSGSEND = YES;
				GCC_C_LANGUAGE_STANDARD = gnu99;
				GCC_NO_COMMON_BLOCKS = YES;
				GCC_WARN_64_TO_32_BIT_CONVERSION = YES;
				GCC_WARN_ABOUT_RETURN_TYPE = YES_ERROR;
				GCC_WARN_UNDECLARED_SELECTOR = YES;
				GCC_WARN_UNINITIALIZED_AUTOS = YES_AGGRESSIVE;
				GCC_WARN_UNUSED_FUNCTION = YES;
				GCC_WARN_UNUSED_VARIABLE = YES;
				IPHONEOS_DEPLOYMENT_TARGET = 10.0;
				MTL_ENABLE_DEBUG_INFO = NO;
				SDKROOT = iphoneos;
				SWIFT_OPTIMIZATION_LEVEL = "-Owholemodule";
				TARGETED_DEVICE_FAMILY = "1,2";
				VALIDATE_PRODUCT = YES;
			};
			name = Release;
		};
		258549031DEBB4CB00451829 /* Debug */ = {
			isa = XCBuildConfiguration;
			buildSettings = {
				ASSETCATALOG_COMPILER_APPICON_NAME = AppIcon;
				DEVELOPMENT_TEAM = 5X97427M43;
				INFOPLIST_FILE = popupPresentedViewController/Info.plist;
				LD_RUNPATH_SEARCH_PATHS = "$(inherited) @executable_path/Frameworks";
				PRODUCT_BUNDLE_IDENTIFIER = com.ObjV.popupPresentedViewController;
				PRODUCT_NAME = "$(TARGET_NAME)";
				SWIFT_VERSION = 3.0;
			};
			name = Debug;
		};
		258549041DEBB4CB00451829 /* Release */ = {
			isa = XCBuildConfiguration;
			buildSettings = {
				ASSETCATALOG_COMPILER_APPICON_NAME = AppIcon;
				DEVELOPMENT_TEAM = 5X97427M43;
				INFOPLIST_FILE = popupPresentedViewController/Info.plist;
				LD_RUNPATH_SEARCH_PATHS = "$(inherited) @executable_path/Frameworks";
				PRODUCT_BUNDLE_IDENTIFIER = com.ObjV.popupPresentedViewController;
				PRODUCT_NAME = "$(TARGET_NAME)";
				SWIFT_VERSION = 3.0;
			};
			name = Release;
		};
/* End XCBuildConfiguration section */

/* Begin XCConfigurationList section */
		258548EB1DEBB4CB00451829 /* Build configuration list for PBXProject "popupPresentedViewController" */ = {
			isa = XCConfigurationList;
			buildConfigurations = (
				258549001DEBB4CB00451829 /* Debug */,
				258549011DEBB4CB00451829 /* Release */,
			);
			defaultConfigurationIsVisible = 0;
			defaultConfigurationName = Release;
		};
		258549021DEBB4CB00451829 /* Build configuration list for PBXNativeTarget "popupPresentedViewController" */ = {
			isa = XCConfigurationList;
			buildConfigurations = (
				258549031DEBB4CB00451829 /* Debug */,
				258549041DEBB4CB00451829 /* Release */,
			);
			defaultConfigurationIsVisible = 0;
		};
/* End XCConfigurationList section */
	};
	rootObject = 258548E81DEBB4CB00451829 /* Project object */;
}
